
Microsoft Visual Studio Solution File, Format Version 12.00
# Visual Studio Version 17
VisualStudioVersion = 17.5.002.0
MinimumVisualStudioVersion = 10.0.40219.1
Project("{9A19103F-16F7-4668-BE54-9A1E7A4F7556}") = "tl2-tp1-2024-belenason", "tl2-tp1-2024-belenason.csproj", "{F01DD265-649C-4974-BEB4-80D3DB991E77}"
EndProject
Global
	GlobalSection(SolutionConfigurationPlatforms) = preSolution
		Debug|Any CPU = Debug|Any CPU
		Release|Any CPU = Release|Any CPU
	EndGlobalSection
	GlobalSection(ProjectConfigurationPlatforms) = postSolution
		{F01DD265-649C-4974-BEB4-80D3DB991E77}.Debug|Any CPU.ActiveCfg = Debug|Any CPU
		{F01DD265-649C-4974-BEB4-80D3DB991E77}.Debug|Any CPU.Build.0 = Debug|Any CPU
		{F01DD265-649C-4974-BEB4-80D3DB991E77}.Release|Any CPU.ActiveCfg = Release|Any CPU
		{F01DD265-649C-4974-BEB4-80D3DB991E77}.Release|Any CPU.Build.0 = Release|Any CPU
	EndGlobalSection
	GlobalSection(SolutionProperties) = preSolution
		HideSolutionNode = FALSE
	EndGlobalSection
	GlobalSection(ExtensibilityGlobals) = postSolution
		SolutionGuid = {A8552768-6142-4B84-AF75-7AA44E5B77AE}
	EndGlobalSection
EndGlobal
